// !$*UTF8*$!
{
	archiveVersion = 1;
	classes = {
	};
	objectVersion = 56;
	objects = {

/* Begin PBXBuildFile section */
		9328FD922B5EAAE900B79DDE /* HexColorsCollectionViewCell.swift in Sources */ = {isa = PBXBuildFile; fileRef = 9328FD902B5EAAE900B79DDE /* HexColorsCollectionViewCell.swift */; };
		9328FD932B5EAAE900B79DDE /* HexColorsCollectionViewCell.xib in Resources */ = {isa = PBXBuildFile; fileRef = 9328FD912B5EAAE900B79DDE /* HexColorsCollectionViewCell.xib */; };
		935374872B625BC400AA47CA /* TakePhotoViewController.swift in Sources */ = {isa = PBXBuildFile; fileRef = 935374862B625BC400AA47CA /* TakePhotoViewController.swift */; };
		935374892B625FCF00AA47CA /* FavoritesViewController.swift in Sources */ = {isa = PBXBuildFile; fileRef = 935374882B625FCF00AA47CA /* FavoritesViewController.swift */; };
		935F291D2B517B03002A17AE /* AppDelegate.swift in Sources */ = {isa = PBXBuildFile; fileRef = 935F291C2B517B03002A17AE /* AppDelegate.swift */; };
		935F291F2B517B03002A17AE /* SceneDelegate.swift in Sources */ = {isa = PBXBuildFile; fileRef = 935F291E2B517B03002A17AE /* SceneDelegate.swift */; };
		935F29212B517B03002A17AE /* ViewController.swift in Sources */ = {isa = PBXBuildFile; fileRef = 935F29202B517B03002A17AE /* ViewController.swift */; };
		935F29242B517B03002A17AE /* Main.storyboard in Resources */ = {isa = PBXBuildFile; fileRef = 935F29222B517B03002A17AE /* Main.storyboard */; };
		935F29262B517B04002A17AE /* Assets.xcassets in Resources */ = {isa = PBXBuildFile; fileRef = 935F29252B517B04002A17AE /* Assets.xcassets */; };
		935F29292B517B04002A17AE /* LaunchScreen.storyboard in Resources */ = {isa = PBXBuildFile; fileRef = 935F29272B517B04002A17AE /* LaunchScreen.storyboard */; };
		935F29322B529245002A17AE /* PaletteCell.swift in Sources */ = {isa = PBXBuildFile; fileRef = 935F29302B529245002A17AE /* PaletteCell.swift */; };
		935F29332B529245002A17AE /* PaletteCell.xib in Resources */ = {isa = PBXBuildFile; fileRef = 935F29312B529245002A17AE /* PaletteCell.xib */; };
		935F29352B5293A8002A17AE /* ColorPalette.swift in Sources */ = {isa = PBXBuildFile; fileRef = 935F29342B5293A8002A17AE /* ColorPalette.swift */; };
		93A3DCB22B52A74400563928 /* DetailViewController.swift in Sources */ = {isa = PBXBuildFile; fileRef = 93A3DCB02B52A74400563928 /* DetailViewController.swift */; };
		93A3DCB32B52A74400563928 /* DetailViewController.xib in Resources */ = {isa = PBXBuildFile; fileRef = 93A3DCB12B52A74400563928 /* DetailViewController.xib */; };
		93FD9B2A2B67E4BF00207D86 /* FavoriteColorTableViewCell.swift in Sources */ = {isa = PBXBuildFile; fileRef = 93FD9B282B67E4BF00207D86 /* FavoriteColorTableViewCell.swift */; };
		93FD9B2B2B67E4BF00207D86 /* FavoriteColorTableViewCell.xib in Resources */ = {isa = PBXBuildFile; fileRef = 93FD9B292B67E4BF00207D86 /* FavoriteColorTableViewCell.xib */; };
/* End PBXBuildFile section */

/* Begin PBXFileReference section */
		9328FD902B5EAAE900B79DDE /* HexColorsCollectionViewCell.swift */ = {isa = PBXFileReference; lastKnownFileType = sourcecode.swift; path = HexColorsCollectionViewCell.swift; sourceTree = "<group>"; };
		9328FD912B5EAAE900B79DDE /* HexColorsCollectionViewCell.xib */ = {isa = PBXFileReference; lastKnownFileType = file.xib; path = HexColorsCollectionViewCell.xib; sourceTree = "<group>"; };
		935374862B625BC400AA47CA /* TakePhotoViewController.swift */ = {isa = PBXFileReference; lastKnownFileType = sourcecode.swift; path = TakePhotoViewController.swift; sourceTree = "<group>"; };
		935374882B625FCF00AA47CA /* FavoritesViewController.swift */ = {isa = PBXFileReference; lastKnownFileType = sourcecode.swift; path = FavoritesViewController.swift; sourceTree = "<group>"; };
		935F29192B517B03002A17AE /* CollectionView App.app */ = {isa = PBXFileReference; explicitFileType = wrapper.application; includeInIndex = 0; path = "CollectionView App.app"; sourceTree = BUILT_PRODUCTS_DIR; };
		935F291C2B517B03002A17AE /* AppDelegate.swift */ = {isa = PBXFileReference; lastKnownFileType = sourcecode.swift; path = AppDelegate.swift; sourceTree = "<group>"; };
		935F291E2B517B03002A17AE /* SceneDelegate.swift */ = {isa = PBXFileReference; lastKnownFileType = sourcecode.swift; path = SceneDelegate.swift; sourceTree = "<group>"; };
		935F29202B517B03002A17AE /* ViewController.swift */ = {isa = PBXFileReference; lastKnownFileType = sourcecode.swift; path = ViewController.swift; sourceTree = "<group>"; };
		935F29232B517B03002A17AE /* Base */ = {isa = PBXFileReference; lastKnownFileType = file.storyboard; name = Base; path = Base.lproj/Main.storyboard; sourceTree = "<group>"; };
		935F29252B517B04002A17AE /* Assets.xcassets */ = {isa = PBXFileReference; lastKnownFileType = folder.assetcatalog; path = Assets.xcassets; sourceTree = "<group>"; };
		935F29282B517B04002A17AE /* Base */ = {isa = PBXFileReference; lastKnownFileType = file.storyboard; name = Base; path = Base.lproj/LaunchScreen.storyboard; sourceTree = "<group>"; };
		935F292A2B517B04002A17AE /* Info.plist */ = {isa = PBXFileReference; lastKnownFileType = text.plist.xml; path = Info.plist; sourceTree = "<group>"; };
		935F29302B529245002A17AE /* PaletteCell.swift */ = {isa = PBXFileReference; lastKnownFileType = sourcecode.swift; path = PaletteCell.swift; sourceTree = "<group>"; };
		935F29312B529245002A17AE /* PaletteCell.xib */ = {isa = PBXFileReference; lastKnownFileType = file.xib; path = PaletteCell.xib; sourceTree = "<group>"; };
		935F29342B5293A8002A17AE /* ColorPalette.swift */ = {isa = PBXFileReference; lastKnownFileType = sourcecode.swift; path = ColorPalette.swift; sourceTree = "<group>"; };
		93A3DCB02B52A74400563928 /* DetailViewController.swift */ = {isa = PBXFileReference; lastKnownFileType = sourcecode.swift; path = DetailViewController.swift; sourceTree = "<group>"; };
		93A3DCB12B52A74400563928 /* DetailViewController.xib */ = {isa = PBXFileReference; lastKnownFileType = file.xib; path = DetailViewController.xib; sourceTree = "<group>"; };
		93FD9B282B67E4BF00207D86 /* FavoriteColorTableViewCell.swift */ = {isa = PBXFileReference; lastKnownFileType = sourcecode.swift; path = FavoriteColorTableViewCell.swift; sourceTree = "<group>"; };
		93FD9B292B67E4BF00207D86 /* FavoriteColorTableViewCell.xib */ = {isa = PBXFileReference; lastKnownFileType = file.xib; path = FavoriteColorTableViewCell.xib; sourceTree = "<group>"; };
/* End PBXFileReference section */

/* Begin PBXFrameworksBuildPhase section */
		935F29162B517B03002A17AE /* Frameworks */ = {
			isa = PBXFrameworksBuildPhase;
			buildActionMask = 2147483647;
			files = (
			);
			runOnlyForDeploymentPostprocessing = 0;
		};
/* End PBXFrameworksBuildPhase section */

/* Begin PBXGroup section */
		935F29102B517B03002A17AE = {
			isa = PBXGroup;
			children = (
				935F291B2B517B03002A17AE /* CollectionView App */,
				935F291A2B517B03002A17AE /* Products */,
			);
			sourceTree = "<group>";
		};
		935F291A2B517B03002A17AE /* Products */ = {
			isa = PBXGroup;
			children = (
				935F29192B517B03002A17AE /* CollectionView App.app */,
			);
			name = Products;
			sourceTree = "<group>";
		};
		935F291B2B517B03002A17AE /* CollectionView App */ = {
			isa = PBXGroup;
			children = (
				935F291C2B517B03002A17AE /* AppDelegate.swift */,
				935F291E2B517B03002A17AE /* SceneDelegate.swift */,
				935374862B625BC400AA47CA /* TakePhotoViewController.swift */,
				935F29202B517B03002A17AE /* ViewController.swift */,
				935F29222B517B03002A17AE /* Main.storyboard */,
				935374882B625FCF00AA47CA /* FavoritesViewController.swift */,
				93FD9B282B67E4BF00207D86 /* FavoriteColorTableViewCell.swift */,
				93FD9B292B67E4BF00207D86 /* FavoriteColorTableViewCell.xib */,
				9328FD902B5EAAE900B79DDE /* HexColorsCollectionViewCell.swift */,
				9328FD912B5EAAE900B79DDE /* HexColorsCollectionViewCell.xib */,
				93A3DCB02B52A74400563928 /* DetailViewController.swift */,
				93A3DCB12B52A74400563928 /* DetailViewController.xib */,
				935F29302B529245002A17AE /* PaletteCell.swift */,
				935F29312B529245002A17AE /* PaletteCell.xib */,
				935F29342B5293A8002A17AE /* ColorPalette.swift */,
				935F29252B517B04002A17AE /* Assets.xcassets */,
				935F29272B517B04002A17AE /* LaunchScreen.storyboard */,
				935F292A2B517B04002A17AE /* Info.plist */,
			);
			path = "CollectionView App";
			sourceTree = "<group>";
		};
/* End PBXGroup section */

/* Begin PBXNativeTarget section */
		935F29182B517B03002A17AE /* CollectionView App */ = {
			isa = PBXNativeTarget;
			buildConfigurationList = 935F292D2B517B04002A17AE /* Build configuration list for PBXNativeTarget "CollectionView App" */;
			buildPhases = (
				935F29152B517B03002A17AE /* Sources */,
				935F29162B517B03002A17AE /* Frameworks */,
				935F29172B517B03002A17AE /* Resources */,
			);
			buildRules = (
			);
			dependencies = (
			);
			name = "CollectionView App";
			productName = "CollectionView App";
			productReference = 935F29192B517B03002A17AE /* CollectionView App.app */;
			productType = "com.apple.product-type.application";
		};
/* End PBXNativeTarget section */

/* Begin PBXProject section */
		935F29112B517B03002A17AE /* Project object */ = {
			isa = PBXProject;
			attributes = {
				BuildIndependentTargetsInParallel = 1;
				LastSwiftUpdateCheck = 1500;
				LastUpgradeCheck = 1500;
				TargetAttributes = {
					935F29182B517B03002A17AE = {
						CreatedOnToolsVersion = 15.0;
					};
				};
			};
			buildConfigurationList = 935F29142B517B03002A17AE /* Build configuration list for PBXProject "CollectionView App" */;
			compatibilityVersion = "Xcode 14.0";
			developmentRegion = en;
			hasScannedForEncodings = 0;
			knownRegions = (
				en,
				Base,
			);
			mainGroup = 935F29102B517B03002A17AE;
			productRefGroup = 935F291A2B517B03002A17AE /* Products */;
			projectDirPath = "";
			projectRoot = "";
			targets = (
				935F29182B517B03002A17AE /* CollectionView App */,
			);
		};
/* End PBXProject section */

/* Begin PBXResourcesBuildPhase section */
		935F29172B517B03002A17AE /* Resources */ = {
			isa = PBXResourcesBuildPhase;
			buildActionMask = 2147483647;
			files = (
				935F29292B517B04002A17AE /* LaunchScreen.storyboard in Resources */,
				935F29262B517B04002A17AE /* Assets.xcassets in Resources */,
				9328FD932B5EAAE900B79DDE /* HexColorsCollectionViewCell.xib in Resources */,
				93A3DCB32B52A74400563928 /* DetailViewController.xib in Resources */,
				93FD9B2B2B67E4BF00207D86 /* FavoriteColorTableViewCell.xib in Resources */,
				935F29332B529245002A17AE /* PaletteCell.xib in Resources */,
				935F29242B517B03002A17AE /* Main.storyboard in Resources */,
			);
			runOnlyForDeploymentPostprocessing = 0;
		};
/* End PBXResourcesBuildPhase section */

/* Begin PBXSourcesBuildPhase section */
		935F29152B517B03002A17AE /* Sources */ = {
			isa = PBXSourcesBuildPhase;
			buildActionMask = 2147483647;
			files = (
				935F29352B5293A8002A17AE /* ColorPalette.swift in Sources */,
				935374892B625FCF00AA47CA /* FavoritesViewController.swift in Sources */,
				935F29212B517B03002A17AE /* ViewController.swift in Sources */,
				935F291D2B517B03002A17AE /* AppDelegate.swift in Sources */,
				93FD9B2A2B67E4BF00207D86 /* FavoriteColorTableViewCell.swift in Sources */,
				93A3DCB22B52A74400563928 /* DetailViewController.swift in Sources */,
				935374872B625BC400AA47CA /* TakePhotoViewController.swift in Sources */,
				9328FD922B5EAAE900B79DDE /* HexColorsCollectionViewCell.swift in Sources */,
				935F29322B529245002A17AE /* PaletteCell.swift in Sources */,
				935F291F2B517B03002A17AE /* SceneDelegate.swift in Sources */,
			);
			runOnlyForDeploymentPostprocessing = 0;
		};
/* End PBXSourcesBuildPhase section */

/* Begin PBXVariantGroup section */
		935F29222B517B03002A17AE /* Main.storyboard */ = {
			isa = PBXVariantGroup;
			children = (
				935F29232B517B03002A17AE /* Base */,
			);
			name = Main.storyboard;
			sourceTree = "<group>";
		};
		935F29272B517B04002A17AE /* LaunchScreen.storyboard */ = {
			isa = PBXVariantGroup;
			children = (
				935F29282B517B04002A17AE /* Base */,
			);
			name = LaunchScreen.storyboard;
			sourceTree = "<group>";
		};
/* End PBXVariantGroup section */

/* Begin XCBuildConfiguration section */
		935F292B2B517B04002A17AE /* Debug */ = {
			isa = XCBuildConfiguration;
			buildSettings = {
				ALWAYS_SEARCH_USER_PATHS = NO;
				ASSETCATALOG_COMPILER_GENERATE_SWIFT_ASSET_SYMBOL_EXTENSIONS = YES;
				CLANG_ANALYZER_NONNULL = YES;
				CLANG_ANALYZER_NUMBER_OBJECT_CONVERSION = YES_AGGRESSIVE;
				CLANG_CXX_LANGUAGE_STANDARD = "gnu++20";
				CLANG_ENABLE_MODULES = YES;
				CLANG_ENABLE_OBJC_ARC = YES;
				CLANG_ENABLE_OBJC_WEAK = YES;
				CLANG_WARN_BLOCK_CAPTURE_AUTORELEASING = YES;
				CLANG_WARN_BOOL_CONVERSION = YES;
				CLANG_WARN_COMMA = YES;
				CLANG_WARN_CONSTANT_CONVERSION = YES;
				CLANG_WARN_DEPRECATED_OBJC_IMPLEMENTATIONS = YES;
				CLANG_WARN_DIRECT_OBJC_ISA_USAGE = YES_ERROR;
				CLANG_WARN_DOCUMENTATION_COMMENTS = YES;
				CLANG_WARN_EMPTY_BODY = YES;
				CLANG_WARN_ENUM_CONVERSION = YES;
				CLANG_WARN_INFINITE_RECURSION = YES;
				CLANG_WARN_INT_CONVERSION = YES;
				CLANG_WARN_NON_LITERAL_NULL_CONVERSION = YES;
				CLANG_WARN_OBJC_IMPLICIT_RETAIN_SELF = YES;
				CLANG_WARN_OBJC_LITERAL_CONVERSION = YES;
				CLANG_WARN_OBJC_ROOT_CLASS = YES_ERROR;
				CLANG_WARN_QUOTED_INCLUDE_IN_FRAMEWORK_HEADER = YES;
				CLANG_WARN_RANGE_LOOP_ANALYSIS = YES;
				CLANG_WARN_STRICT_PROTOTYPES = YES;
				CLANG_WARN_SUSPICIOUS_MOVE = YES;
				CLANG_WARN_UNGUARDED_AVAILABILITY = YES_AGGRESSIVE;
				CLANG_WARN_UNREACHABLE_CODE = YES;
				CLANG_WARN__DUPLICATE_METHOD_MATCH = YES;
				COPY_PHASE_STRIP = NO;
				DEBUG_INFORMATION_FORMAT = dwarf;
				ENABLE_STRICT_OBJC_MSGSEND = YES;
				ENABLE_TESTABILITY = YES;
				ENABLE_USER_SCRIPT_SANDBOXING = YES;
				GCC_C_LANGUAGE_STANDARD = gnu17;
				GCC_DYNAMIC_NO_PIC = NO;
				GCC_NO_COMMON_BLOCKS = YES;
				GCC_OPTIMIZATION_LEVEL = 0;
				GCC_PREPROCESSOR_DEFINITIONS = (
					"DEBUG=1",
					"$(inherited)",
				);
				GCC_WARN_64_TO_32_BIT_CONVERSION = YES;
				GCC_WARN_ABOUT_RETURN_TYPE = YES_ERROR;
				GCC_WARN_UNDECLARED_SELECTOR = YES;
				GCC_WARN_UNINITIALIZED_AUTOS = YES_AGGRESSIVE;
				GCC_WARN_UNUSED_FUNCTION = YES;
				GCC_WARN_UNUSED_VARIABLE = YES;
				IPHONEOS_DEPLOYMENT_TARGET = 17.0;
				LOCALIZATION_PREFERS_STRING_CATALOGS = YES;
				MTL_ENABLE_DEBUG_INFO = INCLUDE_SOURCE;
				MTL_FAST_MATH = YES;
				ONLY_ACTIVE_ARCH = YES;
				SDKROOT = iphoneos;
				SWIFT_ACTIVE_COMPILATION_CONDITIONS = "DEBUG $(inherited)";
				SWIFT_OPTIMIZATION_LEVEL = "-Onone";
			};
			name = Debug;
		};
		935F292C2B517B04002A17AE /* Release */ = {
			isa = XCBuildConfiguration;
			buildSettings = {
				ALWAYS_SEARCH_USER_PATHS = NO;
				ASSETCATALOG_COMPILER_GENERATE_SWIFT_ASSET_SYMBOL_EXTENSIONS = YES;
				CLANG_ANALYZER_NONNULL = YES;
				CLANG_ANALYZER_NUMBER_OBJECT_CONVERSION = YES_AGGRESSIVE;
				CLANG_CXX_LANGUAGE_STANDARD = "gnu++20";
				CLANG_ENABLE_MODULES = YES;
				CLANG_ENABLE_OBJC_ARC = YES;
				CLANG_ENABLE_OBJC_WEAK = YES;
				CLANG_WARN_BLOCK_CAPTURE_AUTORELEASING = YES;
				CLANG_WARN_BOOL_CONVERSION = YES;
				CLANG_WARN_COMMA = YES;
				CLANG_WARN_CONSTANT_CONVERSION = YES;
				CLANG_WARN_DEPRECATED_OBJC_IMPLEMENTATIONS = YES;
				CLANG_WARN_DIRECT_OBJC_ISA_USAGE = YES_ERROR;
				CLANG_WARN_DOCUMENTATION_COMMENTS = YES;
				CLANG_WARN_EMPTY_BODY = YES;
				CLANG_WARN_ENUM_CONVERSION = YES;
				CLANG_WARN_INFINITE_RECURSION = YES;
				CLANG_WARN_INT_CONVERSION = YES;
				CLANG_WARN_NON_LITERAL_NULL_CONVERSION = YES;
				CLANG_WARN_OBJC_IMPLICIT_RETAIN_SELF = YES;
				CLANG_WARN_OBJC_LITERAL_CONVERSION = YES;
				CLANG_WARN_OBJC_ROOT_CLASS = YES_ERROR;
				CLANG_WARN_QUOTED_INCLUDE_IN_FRAMEWORK_HEADER = YES;
				CLANG_WARN_RANGE_LOOP_ANALYSIS = YES;
				CLANG_WARN_STRICT_PROTOTYPES = YES;
				CLANG_WARN_SUSPICIOUS_MOVE = YES;
				CLANG_WARN_UNGUARDED_AVAILABILITY = YES_AGGRESSIVE;
				CLANG_WARN_UNREACHABLE_CODE = YES;
				CLANG_WARN__DUPLICATE_METHOD_MATCH = YES;
				COPY_PHASE_STRIP = NO;
				DEBUG_INFORMATION_FORMAT = "dwarf-with-dsym";
				ENABLE_NS_ASSERTIONS = NO;
				ENABLE_STRICT_OBJC_MSGSEND = YES;
				ENABLE_USER_SCRIPT_SANDBOXING = YES;
				GCC_C_LANGUAGE_STANDARD = gnu17;
				GCC_NO_COMMON_BLOCKS = YES;
				GCC_WARN_64_TO_32_BIT_CONVERSION = YES;
				GCC_WARN_ABOUT_RETURN_TYPE = YES_ERROR;
				GCC_WARN_UNDECLARED_SELECTOR = YES;
				GCC_WARN_UNINITIALIZED_AUTOS = YES_AGGRESSIVE;
				GCC_WARN_UNUSED_FUNCTION = YES;
				GCC_WARN_UNUSED_VARIABLE = YES;
				IPHONEOS_DEPLOYMENT_TARGET = 17.0;
				LOCALIZATION_PREFERS_STRING_CATALOGS = YES;
				MTL_ENABLE_DEBUG_INFO = NO;
				MTL_FAST_MATH = YES;
				SDKROOT = iphoneos;
				SWIFT_COMPILATION_MODE = wholemodule;
				VALIDATE_PRODUCT = YES;
			};
			name = Release;
		};
		935F292E2B517B04002A17AE /* Debug */ = {
			isa = XCBuildConfiguration;
			buildSettings = {
				ASSETCATALOG_COMPILER_APPICON_NAME = AppIcon;
				ASSETCATALOG_COMPILER_GLOBAL_ACCENT_COLOR_NAME = AccentColor;
				CODE_SIGN_STYLE = Automatic;
				CURRENT_PROJECT_VERSION = 1;
				DEVELOPMENT_TEAM = 6DHP9D475X;
				GENERATE_INFOPLIST_FILE = YES;
				INFOPLIST_FILE = "CollectionView App/Info.plist";
				INFOPLIST_KEY_NSCameraUsageDescription = "$[PRODUCT_NAME] camera use";
				INFOPLIST_KEY_UIApplicationSupportsIndirectInputEvents = YES;
				INFOPLIST_KEY_UILaunchStoryboardName = LaunchScreen;
				INFOPLIST_KEY_UIMainStoryboardFile = Main;
				INFOPLIST_KEY_UISupportedInterfaceOrientations_iPad = "UIInterfaceOrientationPortrait UIInterfaceOrientationPortraitUpsideDown UIInterfaceOrientationLandscapeLeft UIInterfaceOrientationLandscapeRight";
				INFOPLIST_KEY_UISupportedInterfaceOrientations_iPhone = "UIInterfaceOrientationPortrait UIInterfaceOrientationLandscapeLeft UIInterfaceOrientationLandscapeRight";
				IPHONEOS_DEPLOYMENT_TARGET = 16.2;
				LD_RUNPATH_SEARCH_PATHS = (
					"$(inherited)",
					"@executable_path/Frameworks",
				);
				MARKETING_VERSION = 1.0;
				PRODUCT_BUNDLE_IDENTIFIER = zheneessovay.com.ColorimeterApp;
				PRODUCT_NAME = "$(TARGET_NAME)";
				SWIFT_EMIT_LOC_STRINGS = YES;
				SWIFT_VERSION = 5.0;
				TARGETED_DEVICE_FAMILY = "1,2";
			};
			name = Debug;
		};
		935F292F2B517B04002A17AE /* Release */ = {
			isa = XCBuildConfiguration;
			buildSettings = {
				ASSETCATALOG_COMPILER_APPICON_NAME = AppIcon;
				ASSETCATALOG_COMPILER_GLOBAL_ACCENT_COLOR_NAME = AccentColor;
				CODE_SIGN_STYLE = Automatic;
				CURRENT_PROJECT_VERSION = 1;
				DEVELOPMENT_TEAM = 6DHP9D475X;
				GENERATE_INFOPLIST_FILE = YES;
				INFOPLIST_FILE = "CollectionView App/Info.plist";
				INFOPLIST_KEY_NSCameraUsageDescription = "$[PRODUCT_NAME] camera use";
				INFOPLIST_KEY_UIApplicationSupportsIndirectInputEvents = YES;
				INFOPLIST_KEY_UILaunchStoryboardName = LaunchScreen;
				INFOPLIST_KEY_UIMainStoryboardFile = Main;
				INFOPLIST_KEY_UISupportedInterfaceOrientations_iPad = "UIInterfaceOrientationPortrait UIInterfaceOrientationPortraitUpsideDown UIInterfaceOrientationLandscapeLeft UIInterfaceOrientationLandscapeRight";
				INFOPLIST_KEY_UISupportedInterfaceOrientations_iPhone = "UIInterfaceOrientationPortrait UIInterfaceOrientationLandscapeLeft UIInterfaceOrientationLandscapeRight";
				IPHONEOS_DEPLOYMENT_TARGET = 16.2;
				LD_RUNPATH_SEARCH_PATHS = (
					"$(inherited)",
					"@executable_path/Frameworks",
				);
				MARKETING_VERSION = 1.0;
				PRODUCT_BUNDLE_IDENTIFIER = zheneessovay.com.ColorimeterApp;
				PRODUCT_NAME = "$(TARGET_NAME)";
				SWIFT_EMIT_LOC_STRINGS = YES;
				SWIFT_VERSION = 5.0;
				TARGETED_DEVICE_FAMILY = "1,2";
			};
			name = Release;
		};
/* End XCBuildConfiguration section */

/* Begin XCConfigurationList section */
		935F29142B517B03002A17AE /* Build configuration list for PBXProject "CollectionView App" */ = {
			isa = XCConfigurationList;
			buildConfigurations = (
				935F292B2B517B04002A17AE /* Debug */,
				935F292C2B517B04002A17AE /* Release */,
			);
			defaultConfigurationIsVisible = 0;
			defaultConfigurationName = Release;
		};
		935F292D2B517B04002A17AE /* Build configuration list for PBXNativeTarget "CollectionView App" */ = {
			isa = XCConfigurationList;
			buildConfigurations = (
				935F292E2B517B04002A17AE /* Debug */,
				935F292F2B517B04002A17AE /* Release */,
			);
			defaultConfigurationIsVisible = 0;
			defaultConfigurationName = Release;
		};
/* End XCConfigurationList section */
	};
	rootObject = 935F29112B517B03002A17AE /* Project object */;
}
